{
  "name": "@pcdevil/wordoftheday",
  "version": "0.0.0",
  "lockfileVersion": 3,
  "requires": true,
  "packages": {
    "": {
      "name": "@pcdevil/wordoftheday",
      "version": "0.0.0",
      "license": "MIT",
      "engines": {
        "node": "^18.17.0",
        "npm": "^9.6.7"
      }
    }
  }
}
